{
    "_readme": [
        "This file locks the dependencies of your project to a known state",
        "Read more about it at https://getcomposer.org/doc/01-basic-usage.md#installing-dependencies",
        "This file is @generated automatically"
    ],
    "content-hash": "cbe288e787f717a0900a04bd7a0de0be",
    "packages": [
        {
            "name": "docopt/docopt",
            "version": "1.0.4",
            "source": {
                "type": "git",
                "url": "https://github.com/docopt/docopt.php.git",
                "reference": "bf3683a16e09fa1665e493eb4d5a29469e132a4f"
            },
            "dist": {
                "type": "zip",
                "url": "https://api.github.com/repos/docopt/docopt.php/zipball/bf3683a16e09fa1665e493eb4d5a29469e132a4f",
                "reference": "bf3683a16e09fa1665e493eb4d5a29469e132a4f",
                "shasum": ""
            },
            "require": {
                "php": ">=5.3.0"
            },
            "require-dev": {
                "phpunit/phpunit": "4.1.*"
            },
            "type": "library",
            "autoload": {
                "classmap": [
                    "src/docopt.php"
                ]
            },
            "notification-url": "https://packagist.org/downloads/",
            "license": [
                "MIT"
            ],
            "authors": [
                {
                    "name": "Blake Williams",
                    "email": "code@shabbyrobe.org",
                    "homepage": "http://docopt.org/",
                    "role": "Developer"
                }
            ],
            "description": "Port of Python's docopt for PHP >=5.3",
            "homepage": "http://github.com/docopt/docopt.php",
            "keywords": [
                "cli",
                "docs"
            ],
            "time": "2019-12-03T02:48:46+00:00"
        },
        {
            "name": "lstrojny/functional-php",
            "version": "1.17.0",
            "source": {
                "type": "git",
                "url": "https://github.com/lstrojny/functional-php.git",
                "reference": "e459d5cb307bc6e10e9e992c4e96bb71a0262506"
            },
            "dist": {
                "type": "zip",
                "url": "https://api.github.com/repos/lstrojny/functional-php/zipball/e459d5cb307bc6e10e9e992c4e96bb71a0262506",
                "reference": "e459d5cb307bc6e10e9e992c4e96bb71a0262506",
                "shasum": ""
            },
            "require": {
                "php": "^7.1|~8"
            },
            "require-dev": {
                "friendsofphp/php-cs-fixer": "^2.17",
                "phpunit/phpunit": "^7.0 || ^8.0 || ^9.5",
                "squizlabs/php_codesniffer": "~3.0"
            },
            "type": "library",
            "autoload": {
                "files": [
                    "src/Functional/Ary.php",
                    "src/Functional/Average.php",
                    "src/Functional/ButLast.php",
                    "src/Functional/Capture.php",
                    "src/Functional/ConstFunction.php",
                    "src/Functional/CompareOn.php",
                    "src/Functional/CompareObjectHashOn.php",
                    "src/Functional/Compose.php",
                    "src/Functional/Concat.php",
                    "src/Functional/Contains.php",
                    "src/Functional/Converge.php",
                    "src/Functional/Curry.php",
                    "src/Functional/CurryN.php",
                    "src/Functional/Difference.php",
                    "src/Functional/DropFirst.php",
                    "src/Functional/DropLast.php",
                    "src/Functional/Each.php",
                    "src/Functional/Equal.php",
                    "src/Functional/ErrorToException.php",
                    "src/Functional/Every.php",
                    "src/Functional/False.php",
                    "src/Functional/Falsy.php",
                    "src/Functional/Filter.php",
                    "src/Functional/First.php",
                    "src/Functional/FirstIndexOf.php",
                    "src/Functional/FlatMap.php",
                    "src/Functional/Flatten.php",
                    "src/Functional/Flip.php",
                    "src/Functional/GreaterThan.php",
                    "src/Functional/GreaterThanOrEqual.php",
                    "src/Functional/Group.php",
                    "src/Functional/Head.php",
                    "src/Functional/Id.php",
                    "src/Functional/IfElse.php",
                    "src/Functional/Identical.php",
                    "src/Functional/IndexesOf.php",
                    "src/Functional/Intersperse.php",
                    "src/Functional/Invoke.php",
                    "src/Functional/InvokeFirst.php",
                    "src/Functional/InvokeIf.php",
                    "src/Functional/InvokeLast.php",
                    "src/Functional/Invoker.php",
                    "src/Functional/Last.php",
                    "src/Functional/LastIndexOf.php",
                    "src/Functional/LessThan.php",
                    "src/Functional/LessThanOrEqual.php",
                    "src/Functional/LexicographicCompare.php",
                    "src/Functional/Map.php",
                    "src/Functional/Matching.php",
                    "src/Functional/Maximum.php",
                    "src/Functional/Memoize.php",
                    "src/Functional/Minimum.php",
                    "src/Functional/None.php",
                    "src/Functional/Noop.php",
                    "src/Functional/Not.php",
                    "src/Functional/OmitKeys.php",
                    "src/Functional/PartialAny.php",
                    "src/Functional/PartialLeft.php",
                    "src/Functional/PartialMethod.php",
                    "src/Functional/PartialRight.php",
                    "src/Functional/Partition.php",
                    "src/Functional/Pick.php",
                    "src/Functional/Pluck.php",
                    "src/Functional/Poll.php",
                    "src/Functional/Product.php",
                    "src/Functional/Ratio.php",
                    "src/Functional/ReduceLeft.php",
                    "src/Functional/ReduceRight.php",
                    "src/Functional/Reindex.php",
                    "src/Functional/Reject.php",
                    "src/Functional/Repeat.php",
                    "src/Functional/Retry.php",
                    "src/Functional/Select.php",
                    "src/Functional/SelectKeys.php",
                    "src/Functional/SequenceConstant.php",
                    "src/Functional/SequenceExponential.php",
                    "src/Functional/SequenceLinear.php",
                    "src/Functional/Some.php",
                    "src/Functional/Sort.php",
                    "src/Functional/Sum.php",
                    "src/Functional/SuppressError.php",
                    "src/Functional/Tap.php",
                    "src/Functional/Tail.php",
                    "src/Functional/TailRecursion.php",
                    "src/Functional/TakeLeft.php",
                    "src/Functional/TakeRight.php",
                    "src/Functional/True.php",
                    "src/Functional/Truthy.php",
                    "src/Functional/Unique.php",
                    "src/Functional/ValueToKey.php",
                    "src/Functional/With.php",
                    "src/Functional/Zip.php",
                    "src/Functional/ZipAll.php"
                ],
                "psr-4": {
                    "Functional\\": "src/Functional"
                }
            },
            "notification-url": "https://packagist.org/downloads/",
            "license": [
                "MIT"
            ],
            "authors": [
                {
                    "name": "Lars Strojny",
                    "email": "lstrojny@php.net",
                    "homepage": "https://usrportage.de"
                },
                {
                    "name": "Max Beutel",
                    "email": "nash12@gmail.com"
                }
            ],
            "description": "Functional primitives for PHP",
            "keywords": [
                "functional"
            ],
            "funding": [
                {
                    "url": "https://github.com/lstrojny",
                    "type": "github"
                }
            ],
            "time": "2021-03-07T00:25:34+00:00"
        },
        {
            "name": "symfony/deprecation-contracts",
            "version": "v2.5.2",
            "source": {
                "type": "git",
                "url": "https://github.com/symfony/deprecation-contracts.git",
                "reference": "e8b495ea28c1d97b5e0c121748d6f9b53d075c66"
            },
            "dist": {
                "type": "zip",
                "url": "https://api.github.com/repos/symfony/deprecation-contracts/zipball/e8b495ea28c1d97b5e0c121748d6f9b53d075c66",
                "reference": "e8b495ea28c1d97b5e0c121748d6f9b53d075c66",
                "shasum": ""
            },
            "require": {
                "php": ">=7.1"
            },
            "type": "library",
            "extra": {
                "branch-alias": {
                    "dev-main": "2.5-dev"
                },
                "thanks": {
                    "name": "symfony/contracts",
                    "url": "https://github.com/symfony/contracts"
                }
            },
            "autoload": {
                "files": [
                    "function.php"
                ]
            },
            "notification-url": "https://packagist.org/downloads/",
            "license": [
                "MIT"
            ],
            "authors": [
                {
                    "name": "Nicolas Grekas",
                    "email": "p@tchwork.com"
                },
                {
                    "name": "Symfony Community",
                    "homepage": "https://symfony.com/contributors"
                }
            ],
            "description": "A generic function and convention to trigger deprecation notices",
            "homepage": "https://symfony.com",
            "funding": [
                {
                    "url": "https://symfony.com/sponsor",
                    "type": "custom"
                },
                {
                    "url": "https://github.com/fabpot",
                    "type": "github"
                },
                {
                    "url": "https://tidelift.com/funding/github/packagist/symfony/symfony",
                    "type": "tidelift"
                }
            ],
            "time": "2022-01-02T09:53:40+00:00"
        },
        {
            "name": "symfony/polyfill-ctype",
            "version": "v1.26.0",
            "source": {
                "type": "git",
                "url": "https://github.com/symfony/polyfill-ctype.git",
                "reference": "6fd1b9a79f6e3cf65f9e679b23af304cd9e010d4"
            },
            "dist": {
                "type": "zip",
                "url": "https://api.github.com/repos/symfony/polyfill-ctype/zipball/6fd1b9a79f6e3cf65f9e679b23af304cd9e010d4",
                "reference": "6fd1b9a79f6e3cf65f9e679b23af304cd9e010d4",
                "shasum": ""
            },
            "require": {
                "php": ">=7.1"
            },
            "provide": {
                "ext-ctype": "*"
            },
            "suggest": {
                "ext-ctype": "For best performance"
            },
            "type": "library",
            "extra": {
                "branch-alias": {
                    "dev-main": "1.26-dev"
                },
                "thanks": {
                    "name": "symfony/polyfill",
                    "url": "https://github.com/symfony/polyfill"
                }
            },
            "autoload": {
                "files": [
                    "bootstrap.php"
                ],
                "psr-4": {
                    "Symfony\\Polyfill\\Ctype\\": ""
                }
            },
            "notification-url": "https://packagist.org/downloads/",
            "license": [
                "MIT"
            ],
            "authors": [
                {
                    "name": "Gert de Pagter",
                    "email": "BackEndTea@gmail.com"
                },
                {
                    "name": "Symfony Community",
                    "homepage": "https://symfony.com/contributors"
                }
            ],
            "description": "Symfony polyfill for ctype functions",
            "homepage": "https://symfony.com",
            "keywords": [
                "compatibility",
                "ctype",
                "polyfill",
                "portable"
            ],
            "funding": [
                {
                    "url": "https://symfony.com/sponsor",
                    "type": "custom"
                },
                {
                    "url": "https://github.com/fabpot",
                    "type": "github"
                },
                {
                    "url": "https://tidelift.com/funding/github/packagist/symfony/symfony",
                    "type": "tidelift"
                }
            ],
            "time": "2022-05-24T11:49:31+00:00"
        },
        {
            "name": "symfony/yaml",
            "version": "v5.4.10",
            "source": {
                "type": "git",
                "url": "https://github.com/symfony/yaml.git",
                "reference": "04e42926429d9e8b39c174387ab990bf7817f7a2"
            },
            "dist": {
                "type": "zip",
                "url": "https://api.github.com/repos/symfony/yaml/zipball/04e42926429d9e8b39c174387ab990bf7817f7a2",
                "reference": "04e42926429d9e8b39c174387ab990bf7817f7a2",
                "shasum": ""
            },
            "require": {
                "php": ">=7.2.5",
                "symfony/deprecation-contracts": "^2.1|^3",
                "symfony/polyfill-ctype": "^1.8"
            },
            "conflict": {
                "symfony/console": "<5.3"
            },
            "require-dev": {
                "symfony/console": "^5.3|^6.0"
            },
            "suggest": {
                "symfony/console": "For validating YAML files using the lint command"
            },
            "bin": [
                "Resources/bin/yaml-lint"
            ],
            "type": "library",
            "autoload": {
                "psr-4": {
                    "Symfony\\Component\\Yaml\\": ""
                },
                "exclude-from-classmap": [
                    "/Tests/"
                ]
            },
            "notification-url": "https://packagist.org/downloads/",
            "license": [
                "MIT"
            ],
            "authors": [
                {
                    "name": "Fabien Potencier",
                    "email": "fabien@symfony.com"
                },
                {
                    "name": "Symfony Community",
                    "homepage": "https://symfony.com/contributors"
                }
            ],
            "description": "Loads and dumps YAML files",
            "homepage": "https://symfony.com",
            "funding": [
                {
                    "url": "https://symfony.com/sponsor",
                    "type": "custom"
                },
                {
                    "url": "https://github.com/fabpot",
                    "type": "github"
                },
                {
                    "url": "https://tidelift.com/funding/github/packagist/symfony/symfony",
                    "type": "tidelift"
                }
            ],
            "time": "2022-06-20T11:50:59+00:00"
        },
        {
            "name": "wp-cli/php-cli-tools",
            "version": "v0.11.13",
            "source": {
                "type": "git",
                "url": "https://github.com/wp-cli/php-cli-tools.git",
                "reference": "a2866855ac1abc53005c102e901553ad5772dc04"
            },
            "dist": {
                "type": "zip",
                "url": "https://api.github.com/repos/wp-cli/php-cli-tools/zipball/a2866855ac1abc53005c102e901553ad5772dc04",
                "reference": "a2866855ac1abc53005c102e901553ad5772dc04",
                "shasum": ""
            },
            "require": {
                "php": ">= 5.3.0"
            },
            "type": "library",
            "autoload": {
                "files": [
                    "lib/cli/cli.php"
                ],
                "psr-0": {
                    "cli": "lib/"
                }
            },
            "notification-url": "https://packagist.org/downloads/",
            "license": [
                "MIT"
            ],
            "authors": [
                {
                    "name": "Daniel Bachhuber",
                    "email": "daniel@handbuilt.co",
                    "role": "Maintainer"
                },
                {
                    "name": "James Logsdon",
                    "email": "jlogsdon@php.net",
                    "role": "Developer"
                }
            ],
            "description": "Console utilities for PHP",
            "homepage": "http://github.com/wp-cli/php-cli-tools",
            "keywords": [
                "cli",
                "console"
            ],
            "time": "2021-07-01T15:08:16+00:00"
        }
    ],
    "packages-dev": [
        {
            "name": "phpstan/extension-installer",
            "version": "1.1.0",
            "source": {
                "type": "git",
                "url": "https://github.com/phpstan/extension-installer.git",
                "reference": "66c7adc9dfa38b6b5838a9fb728b68a7d8348051"
            },
            "dist": {
                "type": "zip",
                "url": "https://api.github.com/repos/phpstan/extension-installer/zipball/66c7adc9dfa38b6b5838a9fb728b68a7d8348051",
                "reference": "66c7adc9dfa38b6b5838a9fb728b68a7d8348051",
                "shasum": ""
            },
            "require": {
                "composer-plugin-api": "^1.1 || ^2.0",
                "php": "^7.1 || ^8.0",
                "phpstan/phpstan": ">=0.11.6"
            },
            "require-dev": {
                "composer/composer": "^1.8",
                "phing/phing": "^2.16.3",
                "php-parallel-lint/php-parallel-lint": "^1.2.0",
                "phpstan/phpstan-strict-rules": "^0.11 || ^0.12"
            },
            "type": "composer-plugin",
            "extra": {
                "class": "PHPStan\\ExtensionInstaller\\Plugin"
            },
            "autoload": {
                "psr-4": {
                    "PHPStan\\ExtensionInstaller\\": "src/"
                }
            },
            "notification-url": "https://packagist.org/downloads/",
            "license": [
                "MIT"
            ],
            "description": "Composer plugin for automatic installation of PHPStan extensions",
            "time": "2020-12-13T13:06:13+00:00"
        },
        {
            "name": "phpstan/phpstan",
            "version": "1.8.1",
            "source": {
                "type": "git",
                "url": "https://github.com/phpstan/phpstan.git",
                "reference": "8dbba631fa32f4b289404469c2afd6122fd61d67"
            },
            "dist": {
                "type": "zip",
                "url": "https://api.github.com/repos/phpstan/phpstan/zipball/8dbba631fa32f4b289404469c2afd6122fd61d67",
                "reference": "8dbba631fa32f4b289404469c2afd6122fd61d67",
                "shasum": ""
            },
            "require": {
                "php": "^7.2|^8.0"
            },
            "conflict": {
                "phpstan/phpstan-shim": "*"
            },
            "bin": [
                "phpstan",
                "phpstan.phar"
            ],
            "type": "library",
            "autoload": {
                "files": [
                    "bootstrap.php"
                ]
            },
            "notification-url": "https://packagist.org/downloads/",
            "license": [
                "MIT"
            ],
            "description": "PHPStan - PHP Static Analysis Tool",
            "funding": [
                {
                    "url": "https://github.com/ondrejmirtes",
                    "type": "github"
                },
                {
                    "url": "https://github.com/phpstan",
                    "type": "github"
                },
                {
                    "url": "https://www.patreon.com/phpstan",
                    "type": "patreon"
                },
                {
                    "url": "https://tidelift.com/funding/github/packagist/phpstan/phpstan",
                    "type": "tidelift"
                }
            ],
            "time": "2022-07-12T16:08:06+00:00"
        },
        {
            "name": "squizlabs/php_codesniffer",
            "version": "3.7.1",
            "source": {
                "type": "git",
                "url": "https://github.com/squizlabs/PHP_CodeSniffer.git",
                "reference": "1359e176e9307e906dc3d890bcc9603ff6d90619"
            },
            "dist": {
                "type": "zip",
                "url": "https://api.github.com/repos/squizlabs/PHP_CodeSniffer/zipball/1359e176e9307e906dc3d890bcc9603ff6d90619",
                "reference": "1359e176e9307e906dc3d890bcc9603ff6d90619",
                "shasum": ""
            },
            "require": {
                "ext-simplexml": "*",
                "ext-tokenizer": "*",
                "ext-xmlwriter": "*",
                "php": ">=5.4.0"
            },
            "require-dev": {
                "phpunit/phpunit": "^4.0 || ^5.0 || ^6.0 || ^7.0"
            },
            "bin": [
                "bin/phpcs",
                "bin/phpcbf"
            ],
            "type": "library",
            "extra": {
                "branch-alias": {
                    "dev-master": "3.x-dev"
                }
            },
            "notification-url": "https://packagist.org/downloads/",
            "license": [
                "BSD-3-Clause"
            ],
            "authors": [
                {
                    "name": "Greg Sherwood",
                    "role": "lead"
                }
            ],
            "description": "PHP_CodeSniffer tokenizes PHP, JavaScript and CSS files and detects violations of a defined set of coding standards.",
            "homepage": "https://github.com/squizlabs/PHP_CodeSniffer",
            "keywords": [
                "phpcs",
                "standards"
            ],
            "time": "2022-06-18T07:21:10+00:00"
        }
    ],
    "aliases": [],
    "minimum-stability": "stable",
    "stability-flags": [],
    "prefer-stable": false,
    "prefer-lowest": false,
    "platform": [],
    "platform-dev": [],
    "plugin-api-version": "1.1.0"
}
